
Microsoft Visual Studio Solution File, Format Version 12.00
# Visual Studio 15
VisualStudioVersion = 15.0.28010.2016
MinimumVisualStudioVersion = 10.0.40219.1
Project("{FAE04EC0-301F-11D3-BF4B-00C04F79EFBC}") = "Start", "Start\Start.csproj", "{057A6174-E507-40AA-B949-C743A4EC5211}"
EndProject
Project("{FAE04EC0-301F-11D3-BF4B-00C04F79EFBC}") = "Animal", "Animal\Animal.csproj", "{FBEE009D-52E2-4FE0-B80D-34EA9A7CD409}"
EndProject
Global
	GlobalSection(SolutionConfigurationPlatforms) = preSolution
		Debug|Any CPU = Debug|Any CPU
		Release|Any CPU = Release|Any CPU
	EndGlobalSection
	GlobalSection(ProjectConfigurationPlatforms) = postSolution
		{057A6174-E507-40AA-B949-C743A4EC5211}.Debug|Any CPU.ActiveCfg = Debug|Any CPU
		{057A6174-E507-40AA-B949-C743A4EC5211}.Debug|Any CPU.Build.0 = Debug|Any CPU
		{057A6174-E507-40AA-B949-C743A4EC5211}.Release|Any CPU.ActiveCfg = Release|Any CPU
		{057A6174-E507-40AA-B949-C743A4EC5211}.Release|Any CPU.Build.0 = Release|Any CPU
		{FBEE009D-52E2-4FE0-B80D-34EA9A7CD409}.Debug|Any CPU.ActiveCfg = Debug|Any CPU
		{FBEE009D-52E2-4FE0-B80D-34EA9A7CD409}.Debug|Any CPU.Build.0 = Debug|Any CPU
		{FBEE009D-52E2-4FE0-B80D-34EA9A7CD409}.Release|Any CPU.ActiveCfg = Release|Any CPU
		{FBEE009D-52E2-4FE0-B80D-34EA9A7CD409}.Release|Any CPU.Build.0 = Release|Any CPU
	EndGlobalSection
	GlobalSection(SolutionProperties) = preSolution
		HideSolutionNode = FALSE
	EndGlobalSection
	GlobalSection(ExtensibilityGlobals) = postSolution
		SolutionGuid = {A5E18322-C9AC-45FE-B524-C2CAC871DC87}
	EndGlobalSection
EndGlobal
